// !$*UTF8*$!
{
	archiveVersion = 1;
	classes = {
	};
	objectVersion = 50;
	objects = {

/* Begin PBXBuildFile section */
		A161F47C2350C31C009CCB2F /* AppDelegate.swift in Sources */ = {isa = PBXBuildFile; fileRef = A161F47B2350C31C009CCB2F /* AppDelegate.swift */; };
		A161F47E2350C31C009CCB2F /* ViewController.swift in Sources */ = {isa = PBXBuildFile; fileRef = A161F47D2350C31C009CCB2F /* ViewController.swift */; };
		A161F4812350C31C009CCB2F /* Main.storyboard in Resources */ = {isa = PBXBuildFile; fileRef = A161F47F2350C31C009CCB2F /* Main.storyboard */; };
		A161F4832350C31E009CCB2F /* Assets.xcassets in Resources */ = {isa = PBXBuildFile; fileRef = A161F4822350C31E009CCB2F /* Assets.xcassets */; };
		A161F4862350C31E009CCB2F /* LaunchScreen.storyboard in Resources */ = {isa = PBXBuildFile; fileRef = A161F4842350C31E009CCB2F /* LaunchScreen.storyboard */; };
		A161F4912350C31E009CCB2F /* TestingTests.swift in Sources */ = {isa = PBXBuildFile; fileRef = A161F4902350C31E009CCB2F /* TestingTests.swift */; };
		A161F49C2350C31E009CCB2F /* TestingUITests.swift in Sources */ = {isa = PBXBuildFile; fileRef = A161F49B2350C31E009CCB2F /* TestingUITests.swift */; };
		A161F4AA2350C3E9009CCB2F /* TestCollectionViewCell.swift in Sources */ = {isa = PBXBuildFile; fileRef = A161F4A92350C3E9009CCB2F /* TestCollectionViewCell.swift */; };
/* End PBXBuildFile section */

/* Begin PBXContainerItemProxy section */
		A161F48D2350C31E009CCB2F /* PBXContainerItemProxy */ = {
			isa = PBXContainerItemProxy;
			containerPortal = A161F4702350C31C009CCB2F /* Project object */;
			proxyType = 1;
			remoteGlobalIDString = A161F4772350C31C009CCB2F;
			remoteInfo = Testing;
		};
		A161F4982350C31E009CCB2F /* PBXContainerItemProxy */ = {
			isa = PBXContainerItemProxy;
			containerPortal = A161F4702350C31C009CCB2F /* Project object */;
			proxyType = 1;
			remoteGlobalIDString = A161F4772350C31C009CCB2F;
			remoteInfo = Testing;
		};
/* End PBXContainerItemProxy section */

/* Begin PBXFileReference section */
		A161F4782350C31C009CCB2F /* Testing.app */ = {isa = PBXFileReference; explicitFileType = wrapper.application; includeInIndex = 0; path = Testing.app; sourceTree = BUILT_PRODUCTS_DIR; };
		A161F47B2350C31C009CCB2F /* AppDelegate.swift */ = {isa = PBXFileReference; lastKnownFileType = sourcecode.swift; path = AppDelegate.swift; sourceTree = "<group>"; };
		A161F47D2350C31C009CCB2F /* ViewController.swift */ = {isa = PBXFileReference; lastKnownFileType = sourcecode.swift; path = ViewController.swift; sourceTree = "<group>"; };
		A161F4802350C31C009CCB2F /* Base */ = {isa = PBXFileReference; lastKnownFileType = file.storyboard; name = Base; path = Base.lproj/Main.storyboard; sourceTree = "<group>"; };
		A161F4822350C31E009CCB2F /* Assets.xcassets */ = {isa = PBXFileReference; lastKnownFileType = folder.assetcatalog; path = Assets.xcassets; sourceTree = "<group>"; };
		A161F4852350C31E009CCB2F /* Base */ = {isa = PBXFileReference; lastKnownFileType = file.storyboard; name = Base; path = Base.lproj/LaunchScreen.storyboard; sourceTree = "<group>"; };
		A161F4872350C31E009CCB2F /* Info.plist */ = {isa = PBXFileReference; lastKnownFileType = text.plist.xml; path = Info.plist; sourceTree = "<group>"; };
		A161F48C2350C31E009CCB2F /* TestingTests.xctest */ = {isa = PBXFileReference; explicitFileType = wrapper.cfbundle; includeInIndex = 0; path = TestingTests.xctest; sourceTree = BUILT_PRODUCTS_DIR; };
		A161F4902350C31E009CCB2F /* TestingTests.swift */ = {isa = PBXFileReference; lastKnownFileType = sourcecode.swift; path = TestingTests.swift; sourceTree = "<group>"; };
		A161F4922350C31E009CCB2F /* Info.plist */ = {isa = PBXFileReference; lastKnownFileType = text.plist.xml; path = Info.plist; sourceTree = "<group>"; };
		A161F4972350C31E009CCB2F /* TestingUITests.xctest */ = {isa = PBXFileReference; explicitFileType = wrapper.cfbundle; includeInIndex = 0; path = TestingUITests.xctest; sourceTree = BUILT_PRODUCTS_DIR; };
		A161F49B2350C31E009CCB2F /* TestingUITests.swift */ = {isa = PBXFileReference; lastKnownFileType = sourcecode.swift; path = TestingUITests.swift; sourceTree = "<group>"; };
		A161F49D2350C31E009CCB2F /* Info.plist */ = {isa = PBXFileReference; lastKnownFileType = text.plist.xml; path = Info.plist; sourceTree = "<group>"; };
		A161F4A92350C3E9009CCB2F /* TestCollectionViewCell.swift */ = {isa = PBXFileReference; lastKnownFileType = sourcecode.swift; path = TestCollectionViewCell.swift; sourceTree = "<group>"; };
/* End PBXFileReference section */

/* Begin PBXFrameworksBuildPhase section */
		A161F4752350C31C009CCB2F /* Frameworks */ = {
			isa = PBXFrameworksBuildPhase;
			buildActionMask = 2147483647;
			files = (
			);
			runOnlyForDeploymentPostprocessing = 0;
		};
		A161F4892350C31E009CCB2F /* Frameworks */ = {
			isa = PBXFrameworksBuildPhase;
			buildActionMask = 2147483647;
			files = (
			);
			runOnlyForDeploymentPostprocessing = 0;
		};
		A161F4942350C31E009CCB2F /* Frameworks */ = {
			isa = PBXFrameworksBuildPhase;
			buildActionMask = 2147483647;
			files = (
			);
			runOnlyForDeploymentPostprocessing = 0;
		};
/* End PBXFrameworksBuildPhase section */

/* Begin PBXGroup section */
		A161F46F2350C31C009CCB2F = {
			isa = PBXGroup;
			children = (
				A161F47A2350C31C009CCB2F /* Testing */,
				A161F48F2350C31E009CCB2F /* TestingTests */,
				A161F49A2350C31E009CCB2F /* TestingUITests */,
				A161F4792350C31C009CCB2F /* Products */,
			);
			sourceTree = "<group>";
		};
		A161F4792350C31C009CCB2F /* Products */ = {
			isa = PBXGroup;
			children = (
				A161F4782350C31C009CCB2F /* Testing.app */,
				A161F48C2350C31E009CCB2F /* TestingTests.xctest */,
				A161F4972350C31E009CCB2F /* TestingUITests.xctest */,
			);
			name = Products;
			sourceTree = "<group>";
		};
		A161F47A2350C31C009CCB2F /* Testing */ = {
			isa = PBXGroup;
			children = (
				A161F47B2350C31C009CCB2F /* AppDelegate.swift */,
				A161F47D2350C31C009CCB2F /* ViewController.swift */,
				A161F47F2350C31C009CCB2F /* Main.storyboard */,
				A161F4822350C31E009CCB2F /* Assets.xcassets */,
				A161F4842350C31E009CCB2F /* LaunchScreen.storyboard */,
				A161F4872350C31E009CCB2F /* Info.plist */,
				A161F4A92350C3E9009CCB2F /* TestCollectionViewCell.swift */,
			);
			path = Testing;
			sourceTree = "<group>";
		};
		A161F48F2350C31E009CCB2F /* TestingTests */ = {
			isa = PBXGroup;
			children = (
				A161F4902350C31E009CCB2F /* TestingTests.swift */,
				A161F4922350C31E009CCB2F /* Info.plist */,
			);
			path = TestingTests;
			sourceTree = "<group>";
		};
		A161F49A2350C31E009CCB2F /* TestingUITests */ = {
			isa = PBXGroup;
			children = (
				A161F49B2350C31E009CCB2F /* TestingUITests.swift */,
				A161F49D2350C31E009CCB2F /* Info.plist */,
			);
			path = TestingUITests;
			sourceTree = "<group>";
		};
/* End PBXGroup section */

/* Begin PBXNativeTarget section */
		A161F4772350C31C009CCB2F /* Testing */ = {
			isa = PBXNativeTarget;
			buildConfigurationList = A161F4A02350C31E009CCB2F /* Build configuration list for PBXNativeTarget "Testing" */;
			buildPhases = (
				A161F4742350C31C009CCB2F /* Sources */,
				A161F4752350C31C009CCB2F /* Frameworks */,
				A161F4762350C31C009CCB2F /* Resources */,
			);
			buildRules = (
			);
			dependencies = (
			);
			name = Testing;
			productName = Testing;
			productReference = A161F4782350C31C009CCB2F /* Testing.app */;
			productType = "com.apple.product-type.application";
		};
		A161F48B2350C31E009CCB2F /* TestingTests */ = {
			isa = PBXNativeTarget;
			buildConfigurationList = A161F4A32350C31E009CCB2F /* Build configuration list for PBXNativeTarget "TestingTests" */;
			buildPhases = (
				A161F4882350C31E009CCB2F /* Sources */,
				A161F4892350C31E009CCB2F /* Frameworks */,
				A161F48A2350C31E009CCB2F /* Resources */,
			);
			buildRules = (
			);
			dependencies = (
				A161F48E2350C31E009CCB2F /* PBXTargetDependency */,
			);
			name = TestingTests;
			productName = TestingTests;
			productReference = A161F48C2350C31E009CCB2F /* TestingTests.xctest */;
			productType = "com.apple.product-type.bundle.unit-test";
		};
		A161F4962350C31E009CCB2F /* TestingUITests */ = {
			isa = PBXNativeTarget;
			buildConfigurationList = A161F4A62350C31E009CCB2F /* Build configuration list for PBXNativeTarget "TestingUITests" */;
			buildPhases = (
				A161F4932350C31E009CCB2F /* Sources */,
				A161F4942350C31E009CCB2F /* Frameworks */,
				A161F4952350C31E009CCB2F /* Resources */,
			);
			buildRules = (
			);
			dependencies = (
				A161F4992350C31E009CCB2F /* PBXTargetDependency */,
			);
			name = TestingUITests;
			productName = TestingUITests;
			productReference = A161F4972350C31E009CCB2F /* TestingUITests.xctest */;
			productType = "com.apple.product-type.bundle.ui-testing";
		};
/* End PBXNativeTarget section */

/* Begin PBXProject section */
		A161F4702350C31C009CCB2F /* Project object */ = {
			isa = PBXProject;
			attributes = {
				LastSwiftUpdateCheck = 1020;
				LastUpgradeCheck = 1020;
				ORGANIZATIONNAME = Vincia;
				TargetAttributes = {
					A161F4772350C31C009CCB2F = {
						CreatedOnToolsVersion = 10.2.1;
					};
					A161F48B2350C31E009CCB2F = {
						CreatedOnToolsVersion = 10.2.1;
						TestTargetID = A161F4772350C31C009CCB2F;
					};
					A161F4962350C31E009CCB2F = {
						CreatedOnToolsVersion = 10.2.1;
						TestTargetID = A161F4772350C31C009CCB2F;
					};
				};
			};
			buildConfigurationList = A161F4732350C31C009CCB2F /* Build configuration list for PBXProject "Testing" */;
			compatibilityVersion = "Xcode 9.3";
			developmentRegion = en;
			hasScannedForEncodings = 0;
			knownRegions = (
				en,
				Base,
			);
			mainGroup = A161F46F2350C31C009CCB2F;
			productRefGroup = A161F4792350C31C009CCB2F /* Products */;
			projectDirPath = "";
			projectRoot = "";
			targets = (
				A161F4772350C31C009CCB2F /* Testing */,
				A161F48B2350C31E009CCB2F /* TestingTests */,
				A161F4962350C31E009CCB2F /* TestingUITests */,
			);
		};
/* End PBXProject section */

/* Begin PBXResourcesBuildPhase section */
		A161F4762350C31C009CCB2F /* Resources */ = {
			isa = PBXResourcesBuildPhase;
			buildActionMask = 2147483647;
			files = (
				A161F4862350C31E009CCB2F /* LaunchScreen.storyboard in Resources */,
				A161F4832350C31E009CCB2F /* Assets.xcassets in Resources */,
				A161F4812350C31C009CCB2F /* Main.storyboard in Resources */,
			);
			runOnlyForDeploymentPostprocessing = 0;
		};
		A161F48A2350C31E009CCB2F /* Resources */ = {
			isa = PBXResourcesBuildPhase;
			buildActionMask = 2147483647;
			files = (
			);
			runOnlyForDeploymentPostprocessing = 0;
		};
		A161F4952350C31E009CCB2F /* Resources */ = {
			isa = PBXResourcesBuildPhase;
			buildActionMask = 2147483647;
			files = (
			);
			runOnlyForDeploymentPostprocessing = 0;
		};
/* End PBXResourcesBuildPhase section */

/* Begin PBXSourcesBuildPhase section */
		A161F4742350C31C009CCB2F /* Sources */ = {
			isa = PBXSourcesBuildPhase;
			buildActionMask = 2147483647;
			files = (
				A161F4AA2350C3E9009CCB2F /* TestCollectionViewCell.swift in Sources */,
				A161F47E2350C31C009CCB2F /* ViewController.swift in Sources */,
				A161F47C2350C31C009CCB2F /* AppDelegate.swift in Sources */,
			);
			runOnlyForDeploymentPostprocessing = 0;
		};
		A161F4882350C31E009CCB2F /* Sources */ = {
			isa = PBXSourcesBuildPhase;
			buildActionMask = 2147483647;
			files = (
				A161F4912350C31E009CCB2F /* TestingTests.swift in Sources */,
			);
			runOnlyForDeploymentPostprocessing = 0;
		};
		A161F4932350C31E009CCB2F /* Sources */ = {
			isa = PBXSourcesBuildPhase;
			buildActionMask = 2147483647;
			files = (
				A161F49C2350C31E009CCB2F /* TestingUITests.swift in Sources */,
			);
			runOnlyForDeploymentPostprocessing = 0;
		};
/* End PBXSourcesBuildPhase section */

/* Begin PBXTargetDependency section */
		A161F48E2350C31E009CCB2F /* PBXTargetDependency */ = {
			isa = PBXTargetDependency;
			target = A161F4772350C31C009CCB2F /* Testing */;
			targetProxy = A161F48D2350C31E009CCB2F /* PBXContainerItemProxy */;
		};
		A161F4992350C31E009CCB2F /* PBXTargetDependency */ = {
			isa = PBXTargetDependency;
			target = A161F4772350C31C009CCB2F /* Testing */;
			targetProxy = A161F4982350C31E009CCB2F /* PBXContainerItemProxy */;
		};
/* End PBXTargetDependency section */

/* Begin PBXVariantGroup section */
		A161F47F2350C31C009CCB2F /* Main.storyboard */ = {
			isa = PBXVariantGroup;
			children = (
				A161F4802350C31C009CCB2F /* Base */,
			);
			name = Main.storyboard;
			sourceTree = "<group>";
		};
		A161F4842350C31E009CCB2F /* LaunchScreen.storyboard */ = {
			isa = PBXVariantGroup;
			children = (
				A161F4852350C31E009CCB2F /* Base */,
			);
			name = LaunchScreen.storyboard;
			sourceTree = "<group>";
		};
/* End PBXVariantGroup section */

/* Begin XCBuildConfiguration section */
		A161F49E2350C31E009CCB2F /* Debug */ = {
			isa = XCBuildConfiguration;
			buildSettings = {
				ALWAYS_SEARCH_USER_PATHS = NO;
				CLANG_ANALYZER_NONNULL = YES;
				CLANG_ANALYZER_NUMBER_OBJECT_CONVERSION = YES_AGGRESSIVE;
				CLANG_CXX_LANGUAGE_STANDARD = "gnu++14";
				CLANG_CXX_LIBRARY = "libc++";
				CLANG_ENABLE_MODULES = YES;
				CLANG_ENABLE_OBJC_ARC = YES;
				CLANG_ENABLE_OBJC_WEAK = YES;
				CLANG_WARN_BLOCK_CAPTURE_AUTORELEASING = YES;
				CLANG_WARN_BOOL_CONVERSION = YES;
				CLANG_WARN_COMMA = YES;
				CLANG_WARN_CONSTANT_CONVERSION = YES;
				CLANG_WARN_DEPRECATED_OBJC_IMPLEMENTATIONS = YES;
				CLANG_WARN_DIRECT_OBJC_ISA_USAGE = YES_ERROR;
				CLANG_WARN_DOCUMENTATION_COMMENTS = YES;
				CLANG_WARN_EMPTY_BODY = YES;
				CLANG_WARN_ENUM_CONVERSION = YES;
				CLANG_WARN_INFINITE_RECURSION = YES;
				CLANG_WARN_INT_CONVERSION = YES;
				CLANG_WARN_NON_LITERAL_NULL_CONVERSION = YES;
				CLANG_WARN_OBJC_IMPLICIT_RETAIN_SELF = YES;
				CLANG_WARN_OBJC_LITERAL_CONVERSION = YES;
				CLANG_WARN_OBJC_ROOT_CLASS = YES_ERROR;
				CLANG_WARN_RANGE_LOOP_ANALYSIS = YES;
				CLANG_WARN_STRICT_PROTOTYPES = YES;
				CLANG_WARN_SUSPICIOUS_MOVE = YES;
				CLANG_WARN_UNGUARDED_AVAILABILITY = YES_AGGRESSIVE;
				CLANG_WARN_UNREACHABLE_CODE = YES;
				CLANG_WARN__DUPLICATE_METHOD_MATCH = YES;
				CODE_SIGN_IDENTITY = "iPhone Developer";
				COPY_PHASE_STRIP = NO;
				DEBUG_INFORMATION_FORMAT = dwarf;
				ENABLE_STRICT_OBJC_MSGSEND = YES;
				ENABLE_TESTABILITY = YES;
				GCC_C_LANGUAGE_STANDARD = gnu11;
				GCC_DYNAMIC_NO_PIC = NO;
				GCC_NO_COMMON_BLOCKS = YES;
				GCC_OPTIMIZATION_LEVEL = 0;
				GCC_PREPROCESSOR_DEFINITIONS = (
					"DEBUG=1",
					"$(inherited)",
				);
				GCC_WARN_64_TO_32_BIT_CONVERSION = YES;
				GCC_WARN_ABOUT_RETURN_TYPE = YES_ERROR;
				GCC_WARN_UNDECLARED_SELECTOR = YES;
				GCC_WARN_UNINITIALIZED_AUTOS = YES_AGGRESSIVE;
				GCC_WARN_UNUSED_FUNCTION = YES;
				GCC_WARN_UNUSED_VARIABLE = YES;
				IPHONEOS_DEPLOYMENT_TARGET = 12.2;
				MTL_ENABLE_DEBUG_INFO = INCLUDE_SOURCE;
				MTL_FAST_MATH = YES;
				ONLY_ACTIVE_ARCH = YES;
				SDKROOT = iphoneos;
				SWIFT_ACTIVE_COMPILATION_CONDITIONS = DEBUG;
				SWIFT_OPTIMIZATION_LEVEL = "-Onone";
			};
			name = Debug;
		};
		A161F49F2350C31E009CCB2F /* Release */ = {
			isa = XCBuildConfiguration;
			buildSettings = {
				ALWAYS_SEARCH_USER_PATHS = NO;
				CLANG_ANALYZER_NONNULL = YES;
				CLANG_ANALYZER_NUMBER_OBJECT_CONVERSION = YES_AGGRESSIVE;
				CLANG_CXX_LANGUAGE_STANDARD = "gnu++14";
				CLANG_CXX_LIBRARY = "libc++";
				CLANG_ENABLE_MODULES = YES;
				CLANG_ENABLE_OBJC_ARC = YES;
				CLANG_ENABLE_OBJC_WEAK = YES;
				CLANG_WARN_BLOCK_CAPTURE_AUTORELEASING = YES;
				CLANG_WARN_BOOL_CONVERSION = YES;
				CLANG_WARN_COMMA = YES;
				CLANG_WARN_CONSTANT_CONVERSION = YES;
				CLANG_WARN_DEPRECATED_OBJC_IMPLEMENTATIONS = YES;
				CLANG_WARN_DIRECT_OBJC_ISA_USAGE = YES_ERROR;
				CLANG_WARN_DOCUMENTATION_COMMENTS = YES;
				CLANG_WARN_EMPTY_BODY = YES;
				CLANG_WARN_ENUM_CONVERSION = YES;
				CLANG_WARN_INFINITE_RECURSION = YES;
				CLANG_WARN_INT_CONVERSION = YES;
				CLANG_WARN_NON_LITERAL_NULL_CONVERSION = YES;
				CLANG_WARN_OBJC_IMPLICIT_RETAIN_SELF = YES;
				CLANG_WARN_OBJC_LITERAL_CONVERSION = YES;
				CLANG_WARN_OBJC_ROOT_CLASS = YES_ERROR;
				CLANG_WARN_RANGE_LOOP_ANALYSIS = YES;
				CLANG_WARN_STRICT_PROTOTYPES = YES;
				CLANG_WARN_SUSPICIOUS_MOVE = YES;
				CLANG_WARN_UNGUARDED_AVAILABILITY = YES_AGGRESSIVE;
				CLANG_WARN_UNREACHABLE_CODE = YES;
				CLANG_WARN__DUPLICATE_METHOD_MATCH = YES;
				CODE_SIGN_IDENTITY = "iPhone Developer";
				COPY_PHASE_STRIP = NO;
				DEBUG_INFORMATION_FORMAT = "dwarf-with-dsym";
				ENABLE_NS_ASSERTIONS = NO;
				ENABLE_STRICT_OBJC_MSGSEND = YES;
				GCC_C_LANGUAGE_STANDARD = gnu11;
				GCC_NO_COMMON_BLOCKS = YES;
				GCC_WARN_64_TO_32_BIT_CONVERSION = YES;
				GCC_WARN_ABOUT_RETURN_TYPE = YES_ERROR;
				GCC_WARN_UNDECLARED_SELECTOR = YES;
				GCC_WARN_UNINITIALIZED_AUTOS = YES_AGGRESSIVE;
				GCC_WARN_UNUSED_FUNCTION = YES;
				GCC_WARN_UNUSED_VARIABLE = YES;
				IPHONEOS_DEPLOYMENT_TARGET = 12.2;
				MTL_ENABLE_DEBUG_INFO = NO;
				MTL_FAST_MATH = YES;
				SDKROOT = iphoneos;
				SWIFT_COMPILATION_MODE = wholemodule;
				SWIFT_OPTIMIZATION_LEVEL = "-O";
				VALIDATE_PRODUCT = YES;
			};
			name = Release;
		};
		A161F4A12350C31E009CCB2F /* Debug */ = {
			isa = XCBuildConfiguration;
			buildSettings = {
				ASSETCATALOG_COMPILER_APPICON_NAME = AppIcon;
				CODE_SIGN_STYLE = Automatic;
				INFOPLIST_FILE = Testing/Info.plist;
				LD_RUNPATH_SEARCH_PATHS = (
					"$(inherited)",
					"@executable_path/Frameworks",
				);
				PRODUCT_BUNDLE_IDENTIFIER = com.testing.Testing;
				PRODUCT_NAME = "$(TARGET_NAME)";
				SWIFT_VERSION = 5.0;
				TARGETED_DEVICE_FAMILY = "1,2";
			};
			name = Debug;
		};
		A161F4A22350C31E009CCB2F /* Release */ = {
			isa = XCBuildConfiguration;
			buildSettings = {
				ASSETCATALOG_COMPILER_APPICON_NAME = AppIcon;
				CODE_SIGN_STYLE = Automatic;
				INFOPLIST_FILE = Testing/Info.plist;
				LD_RUNPATH_SEARCH_PATHS = (
					"$(inherited)",
					"@executable_path/Frameworks",
				);
				PRODUCT_BUNDLE_IDENTIFIER = com.testing.Testing;
				PRODUCT_NAME = "$(TARGET_NAME)";
				SWIFT_VERSION = 5.0;
				TARGETED_DEVICE_FAMILY = "1,2";
			};
			name = Release;
		};
		A161F4A42350C31E009CCB2F /* Debug */ = {
			isa = XCBuildConfiguration;
			buildSettings = {
				ALWAYS_EMBED_SWIFT_STANDARD_LIBRARIES = YES;
				BUNDLE_LOADER = "$(TEST_HOST)";
				CODE_SIGN_STYLE = Automatic;
				INFOPLIST_FILE = TestingTests/Info.plist;
				LD_RUNPATH_SEARCH_PATHS = (
					"$(inherited)",
					"@executable_path/Frameworks",
					"@loader_path/Frameworks",
				);
				PRODUCT_BUNDLE_IDENTIFIER = com.testing.TestingTests;
				PRODUCT_NAME = "$(TARGET_NAME)";
				SWIFT_VERSION = 5.0;
				TARGETED_DEVICE_FAMILY = "1,2";
				TEST_HOST = "$(BUILT_PRODUCTS_DIR)/Testing.app/Testing";
			};
			name = Debug;
		};
		A161F4A52350C31E009CCB2F /* Release */ = {
			isa = XCBuildConfiguration;
			buildSettings = {
				ALWAYS_EMBED_SWIFT_STANDARD_LIBRARIES = YES;
				BUNDLE_LOADER = "$(TEST_HOST)";
				CODE_SIGN_STYLE = Automatic;
				INFOPLIST_FILE = TestingTests/Info.plist;
				LD_RUNPATH_SEARCH_PATHS = (
					"$(inherited)",
					"@executable_path/Frameworks",
					"@loader_path/Frameworks",
				);
				PRODUCT_BUNDLE_IDENTIFIER = com.testing.TestingTests;
				PRODUCT_NAME = "$(TARGET_NAME)";
				SWIFT_VERSION = 5.0;
				TARGETED_DEVICE_FAMILY = "1,2";
				TEST_HOST = "$(BUILT_PRODUCTS_DIR)/Testing.app/Testing";
			};
			name = Release;
		};
		A161F4A72350C31E009CCB2F /* Debug */ = {
			isa = XCBuildConfiguration;
			buildSettings = {
				ALWAYS_EMBED_SWIFT_STANDARD_LIBRARIES = YES;
				CODE_SIGN_STYLE = Automatic;
				INFOPLIST_FILE = TestingUITests/Info.plist;
				LD_RUNPATH_SEARCH_PATHS = (
					"$(inherited)",
					"@executable_path/Frameworks",
					"@loader_path/Frameworks",
				);
				PRODUCT_BUNDLE_IDENTIFIER = com.testing.TestingUITests;
				PRODUCT_NAME = "$(TARGET_NAME)";
				SWIFT_VERSION = 5.0;
				TARGETED_DEVICE_FAMILY = "1,2";
				TEST_TARGET_NAME = Testing;
			};
			name = Debug;
		};
		A161F4A82350C31E009CCB2F /* Release */ = {
			isa = XCBuildConfiguration;
			buildSettings = {
				ALWAYS_EMBED_SWIFT_STANDARD_LIBRARIES = YES;
				CODE_SIGN_STYLE = Automatic;
				INFOPLIST_FILE = TestingUITests/Info.plist;
				LD_RUNPATH_SEARCH_PATHS = (
					"$(inherited)",
					"@executable_path/Frameworks",
					"@loader_path/Frameworks",
				);
				PRODUCT_BUNDLE_IDENTIFIER = com.testing.TestingUITests;
				PRODUCT_NAME = "$(TARGET_NAME)";
				SWIFT_VERSION = 5.0;
				TARGETED_DEVICE_FAMILY = "1,2";
				TEST_TARGET_NAME = Testing;
			};
			name = Release;
		};
/* End XCBuildConfiguration section */

/* Begin XCConfigurationList section */
		A161F4732350C31C009CCB2F /* Build configuration list for PBXProject "Testing" */ = {
			isa = XCConfigurationList;
			buildConfigurations = (
				A161F49E2350C31E009CCB2F /* Debug */,
				A161F49F2350C31E009CCB2F /* Release */,
			);
			defaultConfigurationIsVisible = 0;
			defaultConfigurationName = Release;
		};
		A161F4A02350C31E009CCB2F /* Build configuration list for PBXNativeTarget "Testing" */ = {
			isa = XCConfigurationList;
			buildConfigurations = (
				A161F4A12350C31E009CCB2F /* Debug */,
				A161F4A22350C31E009CCB2F /* Release */,
			);
			defaultConfigurationIsVisible = 0;
			defaultConfigurationName = Release;
		};
		A161F4A32350C31E009CCB2F /* Build configuration list for PBXNativeTarget "TestingTests" */ = {
			isa = XCConfigurationList;
			buildConfigurations = (
				A161F4A42350C31E009CCB2F /* Debug */,
				A161F4A52350C31E009CCB2F /* Release */,
			);
			defaultConfigurationIsVisible = 0;
			defaultConfigurationName = Release;
		};
		A161F4A62350C31E009CCB2F /* Build configuration list for PBXNativeTarget "TestingUITests" */ = {
			isa = XCConfigurationList;
			buildConfigurations = (
				A161F4A72350C31E009CCB2F /* Debug */,
				A161F4A82350C31E009CCB2F /* Release */,
			);
			defaultConfigurationIsVisible = 0;
			defaultConfigurationName = Release;
		};
/* End XCConfigurationList section */
	};
	rootObject = A161F4702350C31C009CCB2F /* Project object */;
}
